
Microsoft Visual Studio Solution File, Format Version 12.00
Project("{FAE04EC0-301F-11D3-BF4B-00C04F79EFBC}") = "JUnit", "JUnit\JUnit.csproj", "{289EA7C7-8289-426E-9008-CD8C9779C942}"
EndProject
Global
	GlobalSection(SolutionConfigurationPlatforms) = preSolution
		Debug|Any CPU = Debug|Any CPU
		Release|Any CPU = Release|Any CPU
	EndGlobalSection
	GlobalSection(ProjectConfigurationPlatforms) = postSolution
		{289EA7C7-8289-426E-9008-CD8C9779C942}.Debug|Any CPU.ActiveCfg = Debug|Any CPU
		{289EA7C7-8289-426E-9008-CD8C9779C942}.Debug|Any CPU.Build.0 = Debug|Any CPU
		{289EA7C7-8289-426E-9008-CD8C9779C942}.Release|Any CPU.ActiveCfg = Release|Any CPU
		{289EA7C7-8289-426E-9008-CD8C9779C942}.Release|Any CPU.Build.0 = Release|Any CPU
	EndGlobalSection
EndGlobal
